
Microsoft Visual Studio Solution File, Format Version 12.00
# Visual Studio Version 17
VisualStudioVersion = 17.2.32602.215
MinimumVisualStudioVersion = 10.0.40219.1
Project("{FAE04EC0-301F-11D3-BF4B-00C04F79EFBC}") = "YouShouldListenUI", "YouShouldListenUI\YouShouldListenUI.csproj", "{845FB9C2-10AF-497C-82B6-B604993BB811}"
EndProject
Project("{FAE04EC0-301F-11D3-BF4B-00C04F79EFBC}") = "YouShouldListenLibrary", "YouShouldListenLibrary\YouShouldListenLibrary.csproj", "{23B2BAD1-2553-463F-BB2B-8216199A10D7}"
EndProject
Global
	GlobalSection(SolutionConfigurationPlatforms) = preSolution
		Debug|Any CPU = Debug|Any CPU
		Release|Any CPU = Release|Any CPU
	EndGlobalSection
	GlobalSection(ProjectConfigurationPlatforms) = postSolution
		{845FB9C2-10AF-497C-82B6-B604993BB811}.Debug|Any CPU.ActiveCfg = Debug|Any CPU
		{845FB9C2-10AF-497C-82B6-B604993BB811}.Debug|Any CPU.Build.0 = Debug|Any CPU
		{845FB9C2-10AF-497C-82B6-B604993BB811}.Release|Any CPU.ActiveCfg = Release|Any CPU
		{845FB9C2-10AF-497C-82B6-B604993BB811}.Release|Any CPU.Build.0 = Release|Any CPU
		{23B2BAD1-2553-463F-BB2B-8216199A10D7}.Debug|Any CPU.ActiveCfg = Debug|Any CPU
		{23B2BAD1-2553-463F-BB2B-8216199A10D7}.Debug|Any CPU.Build.0 = Debug|Any CPU
		{23B2BAD1-2553-463F-BB2B-8216199A10D7}.Release|Any CPU.ActiveCfg = Release|Any CPU
		{23B2BAD1-2553-463F-BB2B-8216199A10D7}.Release|Any CPU.Build.0 = Release|Any CPU
	EndGlobalSection
	GlobalSection(SolutionProperties) = preSolution
		HideSolutionNode = FALSE
	EndGlobalSection
	GlobalSection(ExtensibilityGlobals) = postSolution
		SolutionGuid = {92A3F52B-4A21-46B4-9E47-B8B57B6A28A3}
	EndGlobalSection
EndGlobal
